// !$*UTF8*$!
{
	archiveVersion = 1;
	classes = {
	};
	objectVersion = 50;
	objects = {

/* Begin PBXBuildFile section */
		2476B9982235FE5800E071DD /* AppDelegate.swift in Sources */ = {isa = PBXBuildFile; fileRef = 2476B9972235FE5800E071DD /* AppDelegate.swift */; };
		2476B99A2235FE5800E071DD /* ViewController.swift in Sources */ = {isa = PBXBuildFile; fileRef = 2476B9992235FE5800E071DD /* ViewController.swift */; };
		2476B99D2235FE5800E071DD /* Main.storyboard in Resources */ = {isa = PBXBuildFile; fileRef = 2476B99B2235FE5800E071DD /* Main.storyboard */; };
		2476B9A02235FE5800E071DD /* identiTest.xcdatamodeld in Sources */ = {isa = PBXBuildFile; fileRef = 2476B99E2235FE5800E071DD /* identiTest.xcdatamodeld */; };
		2476B9A22235FE5900E071DD /* Assets.xcassets in Resources */ = {isa = PBXBuildFile; fileRef = 2476B9A12235FE5900E071DD /* Assets.xcassets */; };
		2476B9A52235FE5900E071DD /* LaunchScreen.storyboard in Resources */ = {isa = PBXBuildFile; fileRef = 2476B9A32235FE5900E071DD /* LaunchScreen.storyboard */; };
		2476B9B02235FE5900E071DD /* identiTestTests.swift in Sources */ = {isa = PBXBuildFile; fileRef = 2476B9AF2235FE5900E071DD /* identiTestTests.swift */; };
		2476B9BB2235FE5900E071DD /* identiTestUITests.swift in Sources */ = {isa = PBXBuildFile; fileRef = 2476B9BA2235FE5900E071DD /* identiTestUITests.swift */; };
/* End PBXBuildFile section */

/* Begin PBXContainerItemProxy section */
		2476B9AC2235FE5900E071DD /* PBXContainerItemProxy */ = {
			isa = PBXContainerItemProxy;
			containerPortal = 2476B98C2235FE5800E071DD /* Project object */;
			proxyType = 1;
			remoteGlobalIDString = 2476B9932235FE5800E071DD;
			remoteInfo = identiTest;
		};
		2476B9B72235FE5900E071DD /* PBXContainerItemProxy */ = {
			isa = PBXContainerItemProxy;
			containerPortal = 2476B98C2235FE5800E071DD /* Project object */;
			proxyType = 1;
			remoteGlobalIDString = 2476B9932235FE5800E071DD;
			remoteInfo = identiTest;
		};
/* End PBXContainerItemProxy section */

/* Begin PBXFileReference section */
		2476B9942235FE5800E071DD /* identiTest.app */ = {isa = PBXFileReference; explicitFileType = wrapper.application; includeInIndex = 0; path = identiTest.app; sourceTree = BUILT_PRODUCTS_DIR; };
		2476B9972235FE5800E071DD /* AppDelegate.swift */ = {isa = PBXFileReference; lastKnownFileType = sourcecode.swift; path = AppDelegate.swift; sourceTree = "<group>"; };
		2476B9992235FE5800E071DD /* ViewController.swift */ = {isa = PBXFileReference; lastKnownFileType = sourcecode.swift; path = ViewController.swift; sourceTree = "<group>"; };
		2476B99C2235FE5800E071DD /* Base */ = {isa = PBXFileReference; lastKnownFileType = file.storyboard; name = Base; path = Base.lproj/Main.storyboard; sourceTree = "<group>"; };
		2476B99F2235FE5800E071DD /* identiTest.xcdatamodel */ = {isa = PBXFileReference; lastKnownFileType = wrapper.xcdatamodel; path = identiTest.xcdatamodel; sourceTree = "<group>"; };
		2476B9A12235FE5900E071DD /* Assets.xcassets */ = {isa = PBXFileReference; lastKnownFileType = folder.assetcatalog; path = Assets.xcassets; sourceTree = "<group>"; };
		2476B9A42235FE5900E071DD /* Base */ = {isa = PBXFileReference; lastKnownFileType = file.storyboard; name = Base; path = Base.lproj/LaunchScreen.storyboard; sourceTree = "<group>"; };
		2476B9A62235FE5900E071DD /* Info.plist */ = {isa = PBXFileReference; lastKnownFileType = text.plist.xml; path = Info.plist; sourceTree = "<group>"; };
		2476B9AB2235FE5900E071DD /* identiTestTests.xctest */ = {isa = PBXFileReference; explicitFileType = wrapper.cfbundle; includeInIndex = 0; path = identiTestTests.xctest; sourceTree = BUILT_PRODUCTS_DIR; };
		2476B9AF2235FE5900E071DD /* identiTestTests.swift */ = {isa = PBXFileReference; lastKnownFileType = sourcecode.swift; path = identiTestTests.swift; sourceTree = "<group>"; };
		2476B9B12235FE5900E071DD /* Info.plist */ = {isa = PBXFileReference; lastKnownFileType = text.plist.xml; path = Info.plist; sourceTree = "<group>"; };
		2476B9B62235FE5900E071DD /* identiTestUITests.xctest */ = {isa = PBXFileReference; explicitFileType = wrapper.cfbundle; includeInIndex = 0; path = identiTestUITests.xctest; sourceTree = BUILT_PRODUCTS_DIR; };
		2476B9BA2235FE5900E071DD /* identiTestUITests.swift */ = {isa = PBXFileReference; lastKnownFileType = sourcecode.swift; path = identiTestUITests.swift; sourceTree = "<group>"; };
		2476B9BC2235FE5900E071DD /* Info.plist */ = {isa = PBXFileReference; lastKnownFileType = text.plist.xml; path = Info.plist; sourceTree = "<group>"; };
/* End PBXFileReference section */

/* Begin PBXFrameworksBuildPhase section */
		2476B9912235FE5800E071DD /* Frameworks */ = {
			isa = PBXFrameworksBuildPhase;
			buildActionMask = 2147483647;
			files = (
			);
			runOnlyForDeploymentPostprocessing = 0;
		};
		2476B9A82235FE5900E071DD /* Frameworks */ = {
			isa = PBXFrameworksBuildPhase;
			buildActionMask = 2147483647;
			files = (
			);
			runOnlyForDeploymentPostprocessing = 0;
		};
		2476B9B32235FE5900E071DD /* Frameworks */ = {
			isa = PBXFrameworksBuildPhase;
			buildActionMask = 2147483647;
			files = (
			);
			runOnlyForDeploymentPostprocessing = 0;
		};
/* End PBXFrameworksBuildPhase section */

/* Begin PBXGroup section */
		2476B98B2235FE5800E071DD = {
			isa = PBXGroup;
			children = (
				2476B9962235FE5800E071DD /* identiTest */,
				2476B9AE2235FE5900E071DD /* identiTestTests */,
				2476B9B92235FE5900E071DD /* identiTestUITests */,
				2476B9952235FE5800E071DD /* Products */,
			);
			sourceTree = "<group>";
		};
		2476B9952235FE5800E071DD /* Products */ = {
			isa = PBXGroup;
			children = (
				2476B9942235FE5800E071DD /* identiTest.app */,
				2476B9AB2235FE5900E071DD /* identiTestTests.xctest */,
				2476B9B62235FE5900E071DD /* identiTestUITests.xctest */,
			);
			name = Products;
			sourceTree = "<group>";
		};
		2476B9962235FE5800E071DD /* identiTest */ = {
			isa = PBXGroup;
			children = (
				2476B9972235FE5800E071DD /* AppDelegate.swift */,
				2476B9992235FE5800E071DD /* ViewController.swift */,
				2476B99B2235FE5800E071DD /* Main.storyboard */,
				2476B9A12235FE5900E071DD /* Assets.xcassets */,
				2476B9A32235FE5900E071DD /* LaunchScreen.storyboard */,
				2476B9A62235FE5900E071DD /* Info.plist */,
				2476B99E2235FE5800E071DD /* identiTest.xcdatamodeld */,
			);
			path = identiTest;
			sourceTree = "<group>";
		};
		2476B9AE2235FE5900E071DD /* identiTestTests */ = {
			isa = PBXGroup;
			children = (
				2476B9AF2235FE5900E071DD /* identiTestTests.swift */,
				2476B9B12235FE5900E071DD /* Info.plist */,
			);
			path = identiTestTests;
			sourceTree = "<group>";
		};
		2476B9B92235FE5900E071DD /* identiTestUITests */ = {
			isa = PBXGroup;
			children = (
				2476B9BA2235FE5900E071DD /* identiTestUITests.swift */,
				2476B9BC2235FE5900E071DD /* Info.plist */,
			);
			path = identiTestUITests;
			sourceTree = "<group>";
		};
/* End PBXGroup section */

/* Begin PBXNativeTarget section */
		2476B9932235FE5800E071DD /* identiTest */ = {
			isa = PBXNativeTarget;
			buildConfigurationList = 2476B9BF2235FE5900E071DD /* Build configuration list for PBXNativeTarget "identiTest" */;
			buildPhases = (
				2476B9902235FE5800E071DD /* Sources */,
				2476B9912235FE5800E071DD /* Frameworks */,
				2476B9922235FE5800E071DD /* Resources */,
			);
			buildRules = (
			);
			dependencies = (
			);
			name = identiTest;
			productName = identiTest;
			productReference = 2476B9942235FE5800E071DD /* identiTest.app */;
			productType = "com.apple.product-type.application";
		};
		2476B9AA2235FE5900E071DD /* identiTestTests */ = {
			isa = PBXNativeTarget;
			buildConfigurationList = 2476B9C22235FE5900E071DD /* Build configuration list for PBXNativeTarget "identiTestTests" */;
			buildPhases = (
				2476B9A72235FE5900E071DD /* Sources */,
				2476B9A82235FE5900E071DD /* Frameworks */,
				2476B9A92235FE5900E071DD /* Resources */,
			);
			buildRules = (
			);
			dependencies = (
				2476B9AD2235FE5900E071DD /* PBXTargetDependency */,
			);
			name = identiTestTests;
			productName = identiTestTests;
			productReference = 2476B9AB2235FE5900E071DD /* identiTestTests.xctest */;
			productType = "com.apple.product-type.bundle.unit-test";
		};
		2476B9B52235FE5900E071DD /* identiTestUITests */ = {
			isa = PBXNativeTarget;
			buildConfigurationList = 2476B9C52235FE5900E071DD /* Build configuration list for PBXNativeTarget "identiTestUITests" */;
			buildPhases = (
				2476B9B22235FE5900E071DD /* Sources */,
				2476B9B32235FE5900E071DD /* Frameworks */,
				2476B9B42235FE5900E071DD /* Resources */,
			);
			buildRules = (
			);
			dependencies = (
				2476B9B82235FE5900E071DD /* PBXTargetDependency */,
			);
			name = identiTestUITests;
			productName = identiTestUITests;
			productReference = 2476B9B62235FE5900E071DD /* identiTestUITests.xctest */;
			productType = "com.apple.product-type.bundle.ui-testing";
		};
/* End PBXNativeTarget section */

/* Begin PBXProject section */
		2476B98C2235FE5800E071DD /* Project object */ = {
			isa = PBXProject;
			attributes = {
				LastSwiftUpdateCheck = 1010;
				LastUpgradeCheck = 1010;
				ORGANIZATIONNAME = Cloudmass;
				TargetAttributes = {
					2476B9932235FE5800E071DD = {
						CreatedOnToolsVersion = 10.1;
					};
					2476B9AA2235FE5900E071DD = {
						CreatedOnToolsVersion = 10.1;
						TestTargetID = 2476B9932235FE5800E071DD;
					};
					2476B9B52235FE5900E071DD = {
						CreatedOnToolsVersion = 10.1;
						TestTargetID = 2476B9932235FE5800E071DD;
					};
				};
			};
			buildConfigurationList = 2476B98F2235FE5800E071DD /* Build configuration list for PBXProject "identiTest" */;
			compatibilityVersion = "Xcode 9.3";
			developmentRegion = en;
			hasScannedForEncodings = 0;
			knownRegions = (
				en,
				Base,
			);
			mainGroup = 2476B98B2235FE5800E071DD;
			productRefGroup = 2476B9952235FE5800E071DD /* Products */;
			projectDirPath = "";
			projectRoot = "";
			targets = (
				2476B9932235FE5800E071DD /* identiTest */,
				2476B9AA2235FE5900E071DD /* identiTestTests */,
				2476B9B52235FE5900E071DD /* identiTestUITests */,
			);
		};
/* End PBXProject section */

/* Begin PBXResourcesBuildPhase section */
		2476B9922235FE5800E071DD /* Resources */ = {
			isa = PBXResourcesBuildPhase;
			buildActionMask = 2147483647;
			files = (
				2476B9A52235FE5900E071DD /* LaunchScreen.storyboard in Resources */,
				2476B9A22235FE5900E071DD /* Assets.xcassets in Resources */,
				2476B99D2235FE5800E071DD /* Main.storyboard in Resources */,
			);
			runOnlyForDeploymentPostprocessing = 0;
		};
		2476B9A92235FE5900E071DD /* Resources */ = {
			isa = PBXResourcesBuildPhase;
			buildActionMask = 2147483647;
			files = (
			);
			runOnlyForDeploymentPostprocessing = 0;
		};
		2476B9B42235FE5900E071DD /* Resources */ = {
			isa = PBXResourcesBuildPhase;
			buildActionMask = 2147483647;
			files = (
			);
			runOnlyForDeploymentPostprocessing = 0;
		};
/* End PBXResourcesBuildPhase section */

/* Begin PBXSourcesBuildPhase section */
		2476B9902235FE5800E071DD /* Sources */ = {
			isa = PBXSourcesBuildPhase;
			buildActionMask = 2147483647;
			files = (
				2476B9A02235FE5800E071DD /* identiTest.xcdatamodeld in Sources */,
				2476B99A2235FE5800E071DD /* ViewController.swift in Sources */,
				2476B9982235FE5800E071DD /* AppDelegate.swift in Sources */,
			);
			runOnlyForDeploymentPostprocessing = 0;
		};
		2476B9A72235FE5900E071DD /* Sources */ = {
			isa = PBXSourcesBuildPhase;
			buildActionMask = 2147483647;
			files = (
				2476B9B02235FE5900E071DD /* identiTestTests.swift in Sources */,
			);
			runOnlyForDeploymentPostprocessing = 0;
		};
		2476B9B22235FE5900E071DD /* Sources */ = {
			isa = PBXSourcesBuildPhase;
			buildActionMask = 2147483647;
			files = (
				2476B9BB2235FE5900E071DD /* identiTestUITests.swift in Sources */,
			);
			runOnlyForDeploymentPostprocessing = 0;
		};
/* End PBXSourcesBuildPhase section */

/* Begin PBXTargetDependency section */
		2476B9AD2235FE5900E071DD /* PBXTargetDependency */ = {
			isa = PBXTargetDependency;
			target = 2476B9932235FE5800E071DD /* identiTest */;
			targetProxy = 2476B9AC2235FE5900E071DD /* PBXContainerItemProxy */;
		};
		2476B9B82235FE5900E071DD /* PBXTargetDependency */ = {
			isa = PBXTargetDependency;
			target = 2476B9932235FE5800E071DD /* identiTest */;
			targetProxy = 2476B9B72235FE5900E071DD /* PBXContainerItemProxy */;
		};
/* End PBXTargetDependency section */

/* Begin PBXVariantGroup section */
		2476B99B2235FE5800E071DD /* Main.storyboard */ = {
			isa = PBXVariantGroup;
			children = (
				2476B99C2235FE5800E071DD /* Base */,
			);
			name = Main.storyboard;
			sourceTree = "<group>";
		};
		2476B9A32235FE5900E071DD /* LaunchScreen.storyboard */ = {
			isa = PBXVariantGroup;
			children = (
				2476B9A42235FE5900E071DD /* Base */,
			);
			name = LaunchScreen.storyboard;
			sourceTree = "<group>";
		};
/* End PBXVariantGroup section */

/* Begin XCBuildConfiguration section */
		2476B9BD2235FE5900E071DD /* Debug */ = {
			isa = XCBuildConfiguration;
			buildSettings = {
				ALWAYS_SEARCH_USER_PATHS = NO;
				CLANG_ANALYZER_NONNULL = YES;
				CLANG_ANALYZER_NUMBER_OBJECT_CONVERSION = YES_AGGRESSIVE;
				CLANG_CXX_LANGUAGE_STANDARD = "gnu++14";
				CLANG_CXX_LIBRARY = "libc++";
				CLANG_ENABLE_MODULES = YES;
				CLANG_ENABLE_OBJC_ARC = YES;
				CLANG_ENABLE_OBJC_WEAK = YES;
				CLANG_WARN_BLOCK_CAPTURE_AUTORELEASING = YES;
				CLANG_WARN_BOOL_CONVERSION = YES;
				CLANG_WARN_COMMA = YES;
				CLANG_WARN_CONSTANT_CONVERSION = YES;
				CLANG_WARN_DEPRECATED_OBJC_IMPLEMENTATIONS = YES;
				CLANG_WARN_DIRECT_OBJC_ISA_USAGE = YES_ERROR;
				CLANG_WARN_DOCUMENTATION_COMMENTS = YES;
				CLANG_WARN_EMPTY_BODY = YES;
				CLANG_WARN_ENUM_CONVERSION = YES;
				CLANG_WARN_INFINITE_RECURSION = YES;
				CLANG_WARN_INT_CONVERSION = YES;
				CLANG_WARN_NON_LITERAL_NULL_CONVERSION = YES;
				CLANG_WARN_OBJC_IMPLICIT_RETAIN_SELF = YES;
				CLANG_WARN_OBJC_LITERAL_CONVERSION = YES;
				CLANG_WARN_OBJC_ROOT_CLASS = YES_ERROR;
				CLANG_WARN_RANGE_LOOP_ANALYSIS = YES;
				CLANG_WARN_STRICT_PROTOTYPES = YES;
				CLANG_WARN_SUSPICIOUS_MOVE = YES;
				CLANG_WARN_UNGUARDED_AVAILABILITY = YES_AGGRESSIVE;
				CLANG_WARN_UNREACHABLE_CODE = YES;
				CLANG_WARN__DUPLICATE_METHOD_MATCH = YES;
				CODE_SIGN_IDENTITY = "iPhone Developer";
				COPY_PHASE_STRIP = NO;
				DEBUG_INFORMATION_FORMAT = dwarf;
				ENABLE_STRICT_OBJC_MSGSEND = YES;
				ENABLE_TESTABILITY = YES;
				GCC_C_LANGUAGE_STANDARD = gnu11;
				GCC_DYNAMIC_NO_PIC = NO;
				GCC_NO_COMMON_BLOCKS = YES;
				GCC_OPTIMIZATION_LEVEL = 0;
				GCC_PREPROCESSOR_DEFINITIONS = (
					"DEBUG=1",
					"$(inherited)",
				);
				GCC_WARN_64_TO_32_BIT_CONVERSION = YES;
				GCC_WARN_ABOUT_RETURN_TYPE = YES_ERROR;
				GCC_WARN_UNDECLARED_SELECTOR = YES;
				GCC_WARN_UNINITIALIZED_AUTOS = YES_AGGRESSIVE;
				GCC_WARN_UNUSED_FUNCTION = YES;
				GCC_WARN_UNUSED_VARIABLE = YES;
				IPHONEOS_DEPLOYMENT_TARGET = 12.1;
				MTL_ENABLE_DEBUG_INFO = INCLUDE_SOURCE;
				MTL_FAST_MATH = YES;
				ONLY_ACTIVE_ARCH = YES;
				SDKROOT = iphoneos;
				SWIFT_ACTIVE_COMPILATION_CONDITIONS = DEBUG;
				SWIFT_OPTIMIZATION_LEVEL = "-Onone";
			};
			name = Debug;
		};
		2476B9BE2235FE5900E071DD /* Release */ = {
			isa = XCBuildConfiguration;
			buildSettings = {
				ALWAYS_SEARCH_USER_PATHS = NO;
				CLANG_ANALYZER_NONNULL = YES;
				CLANG_ANALYZER_NUMBER_OBJECT_CONVERSION = YES_AGGRESSIVE;
				CLANG_CXX_LANGUAGE_STANDARD = "gnu++14";
				CLANG_CXX_LIBRARY = "libc++";
				CLANG_ENABLE_MODULES = YES;
				CLANG_ENABLE_OBJC_ARC = YES;
				CLANG_ENABLE_OBJC_WEAK = YES;
				CLANG_WARN_BLOCK_CAPTURE_AUTORELEASING = YES;
				CLANG_WARN_BOOL_CONVERSION = YES;
				CLANG_WARN_COMMA = YES;
				CLANG_WARN_CONSTANT_CONVERSION = YES;
				CLANG_WARN_DEPRECATED_OBJC_IMPLEMENTATIONS = YES;
				CLANG_WARN_DIRECT_OBJC_ISA_USAGE = YES_ERROR;
				CLANG_WARN_DOCUMENTATION_COMMENTS = YES;
				CLANG_WARN_EMPTY_BODY = YES;
				CLANG_WARN_ENUM_CONVERSION = YES;
				CLANG_WARN_INFINITE_RECURSION = YES;
				CLANG_WARN_INT_CONVERSION = YES;
				CLANG_WARN_NON_LITERAL_NULL_CONVERSION = YES;
				CLANG_WARN_OBJC_IMPLICIT_RETAIN_SELF = YES;
				CLANG_WARN_OBJC_LITERAL_CONVERSION = YES;
				CLANG_WARN_OBJC_ROOT_CLASS = YES_ERROR;
				CLANG_WARN_RANGE_LOOP_ANALYSIS = YES;
				CLANG_WARN_STRICT_PROTOTYPES = YES;
				CLANG_WARN_SUSPICIOUS_MOVE = YES;
				CLANG_WARN_UNGUARDED_AVAILABILITY = YES_AGGRESSIVE;
				CLANG_WARN_UNREACHABLE_CODE = YES;
				CLANG_WARN__DUPLICATE_METHOD_MATCH = YES;
				CODE_SIGN_IDENTITY = "iPhone Developer";
				COPY_PHASE_STRIP = NO;
				DEBUG_INFORMATION_FORMAT = "dwarf-with-dsym";
				ENABLE_NS_ASSERTIONS = NO;
				ENABLE_STRICT_OBJC_MSGSEND = YES;
				GCC_C_LANGUAGE_STANDARD = gnu11;
				GCC_NO_COMMON_BLOCKS = YES;
				GCC_WARN_64_TO_32_BIT_CONVERSION = YES;
				GCC_WARN_ABOUT_RETURN_TYPE = YES_ERROR;
				GCC_WARN_UNDECLARED_SELECTOR = YES;
				GCC_WARN_UNINITIALIZED_AUTOS = YES_AGGRESSIVE;
				GCC_WARN_UNUSED_FUNCTION = YES;
				GCC_WARN_UNUSED_VARIABLE = YES;
				IPHONEOS_DEPLOYMENT_TARGET = 12.1;
				MTL_ENABLE_DEBUG_INFO = NO;
				MTL_FAST_MATH = YES;
				SDKROOT = iphoneos;
				SWIFT_COMPILATION_MODE = wholemodule;
				SWIFT_OPTIMIZATION_LEVEL = "-O";
				VALIDATE_PRODUCT = YES;
			};
			name = Release;
		};
		2476B9C02235FE5900E071DD /* Debug */ = {
			isa = XCBuildConfiguration;
			buildSettings = {
				ASSETCATALOG_COMPILER_APPICON_NAME = AppIcon;
				CODE_SIGN_STYLE = Automatic;
				DEVELOPMENT_TEAM = GD75W28YC9;
				INFOPLIST_FILE = identiTest/Info.plist;
				LD_RUNPATH_SEARCH_PATHS = (
					"$(inherited)",
					"@executable_path/Frameworks",
				);
				PRODUCT_BUNDLE_IDENTIFIER = au.com.cloudmass.identiTest;
				PRODUCT_NAME = "$(TARGET_NAME)";
				SWIFT_VERSION = 4.2;
				TARGETED_DEVICE_FAMILY = "1,2";
			};
			name = Debug;
		};
		2476B9C12235FE5900E071DD /* Release */ = {
			isa = XCBuildConfiguration;
			buildSettings = {
				ASSETCATALOG_COMPILER_APPICON_NAME = AppIcon;
				CODE_SIGN_STYLE = Automatic;
				DEVELOPMENT_TEAM = GD75W28YC9;
				INFOPLIST_FILE = identiTest/Info.plist;
				LD_RUNPATH_SEARCH_PATHS = (
					"$(inherited)",
					"@executable_path/Frameworks",
				);
				PRODUCT_BUNDLE_IDENTIFIER = au.com.cloudmass.identiTest;
				PRODUCT_NAME = "$(TARGET_NAME)";
				SWIFT_VERSION = 4.2;
				TARGETED_DEVICE_FAMILY = "1,2";
			};
			name = Release;
		};
		2476B9C32235FE5900E071DD /* Debug */ = {
			isa = XCBuildConfiguration;
			buildSettings = {
				ALWAYS_EMBED_SWIFT_STANDARD_LIBRARIES = YES;
				BUNDLE_LOADER = "$(TEST_HOST)";
				CODE_SIGN_STYLE = Automatic;
				DEVELOPMENT_TEAM = GD75W28YC9;
				INFOPLIST_FILE = identiTestTests/Info.plist;
				LD_RUNPATH_SEARCH_PATHS = (
					"$(inherited)",
					"@executable_path/Frameworks",
					"@loader_path/Frameworks",
				);
				PRODUCT_BUNDLE_IDENTIFIER = au.com.cloudmass.identiTestTests;
				PRODUCT_NAME = "$(TARGET_NAME)";
				SWIFT_VERSION = 4.2;
				TARGETED_DEVICE_FAMILY = "1,2";
				TEST_HOST = "$(BUILT_PRODUCTS_DIR)/identiTest.app/identiTest";
			};
			name = Debug;
		};
		2476B9C42235FE5900E071DD /* Release */ = {
			isa = XCBuildConfiguration;
			buildSettings = {
				ALWAYS_EMBED_SWIFT_STANDARD_LIBRARIES = YES;
				BUNDLE_LOADER = "$(TEST_HOST)";
				CODE_SIGN_STYLE = Automatic;
				DEVELOPMENT_TEAM = GD75W28YC9;
				INFOPLIST_FILE = identiTestTests/Info.plist;
				LD_RUNPATH_SEARCH_PATHS = (
					"$(inherited)",
					"@executable_path/Frameworks",
					"@loader_path/Frameworks",
				);
				PRODUCT_BUNDLE_IDENTIFIER = au.com.cloudmass.identiTestTests;
				PRODUCT_NAME = "$(TARGET_NAME)";
				SWIFT_VERSION = 4.2;
				TARGETED_DEVICE_FAMILY = "1,2";
				TEST_HOST = "$(BUILT_PRODUCTS_DIR)/identiTest.app/identiTest";
			};
			name = Release;
		};
		2476B9C62235FE5900E071DD /* Debug */ = {
			isa = XCBuildConfiguration;
			buildSettings = {
				ALWAYS_EMBED_SWIFT_STANDARD_LIBRARIES = YES;
				CODE_SIGN_STYLE = Automatic;
				DEVELOPMENT_TEAM = GD75W28YC9;
				INFOPLIST_FILE = identiTestUITests/Info.plist;
				LD_RUNPATH_SEARCH_PATHS = (
					"$(inherited)",
					"@executable_path/Frameworks",
					"@loader_path/Frameworks",
				);
				PRODUCT_BUNDLE_IDENTIFIER = au.com.cloudmass.identiTestUITests;
				PRODUCT_NAME = "$(TARGET_NAME)";
				SWIFT_VERSION = 4.2;
				TARGETED_DEVICE_FAMILY = "1,2";
				TEST_TARGET_NAME = identiTest;
			};
			name = Debug;
		};
		2476B9C72235FE5900E071DD /* Release */ = {
			isa = XCBuildConfiguration;
			buildSettings = {
				ALWAYS_EMBED_SWIFT_STANDARD_LIBRARIES = YES;
				CODE_SIGN_STYLE = Automatic;
				DEVELOPMENT_TEAM = GD75W28YC9;
				INFOPLIST_FILE = identiTestUITests/Info.plist;
				LD_RUNPATH_SEARCH_PATHS = (
					"$(inherited)",
					"@executable_path/Frameworks",
					"@loader_path/Frameworks",
				);
				PRODUCT_BUNDLE_IDENTIFIER = au.com.cloudmass.identiTestUITests;
				PRODUCT_NAME = "$(TARGET_NAME)";
				SWIFT_VERSION = 4.2;
				TARGETED_DEVICE_FAMILY = "1,2";
				TEST_TARGET_NAME = identiTest;
			};
			name = Release;
		};
/* End XCBuildConfiguration section */

/* Begin XCConfigurationList section */
		2476B98F2235FE5800E071DD /* Build configuration list for PBXProject "identiTest" */ = {
			isa = XCConfigurationList;
			buildConfigurations = (
				2476B9BD2235FE5900E071DD /* Debug */,
				2476B9BE2235FE5900E071DD /* Release */,
			);
			defaultConfigurationIsVisible = 0;
			defaultConfigurationName = Release;
		};
		2476B9BF2235FE5900E071DD /* Build configuration list for PBXNativeTarget "identiTest" */ = {
			isa = XCConfigurationList;
			buildConfigurations = (
				2476B9C02235FE5900E071DD /* Debug */,
				2476B9C12235FE5900E071DD /* Release */,
			);
			defaultConfigurationIsVisible = 0;
			defaultConfigurationName = Release;
		};
		2476B9C22235FE5900E071DD /* Build configuration list for PBXNativeTarget "identiTestTests" */ = {
			isa = XCConfigurationList;
			buildConfigurations = (
				2476B9C32235FE5900E071DD /* Debug */,
				2476B9C42235FE5900E071DD /* Release */,
			);
			defaultConfigurationIsVisible = 0;
			defaultConfigurationName = Release;
		};
		2476B9C52235FE5900E071DD /* Build configuration list for PBXNativeTarget "identiTestUITests" */ = {
			isa = XCConfigurationList;
			buildConfigurations = (
				2476B9C62235FE5900E071DD /* Debug */,
				2476B9C72235FE5900E071DD /* Release */,
			);
			defaultConfigurationIsVisible = 0;
			defaultConfigurationName = Release;
		};
/* End XCConfigurationList section */

/* Begin XCVersionGroup section */
		2476B99E2235FE5800E071DD /* identiTest.xcdatamodeld */ = {
			isa = XCVersionGroup;
			children = (
				2476B99F2235FE5800E071DD /* identiTest.xcdatamodel */,
			);
			currentVersion = 2476B99F2235FE5800E071DD /* identiTest.xcdatamodel */;
			path = identiTest.xcdatamodeld;
			sourceTree = "<group>";
			versionGroupType = wrapper.xcdatamodel;
		};
/* End XCVersionGroup section */
	};
	rootObject = 2476B98C2235FE5800E071DD /* Project object */;
}
